
Microsoft Visual Studio Solution File, Format Version 12.00
# Visual Studio Version 17
VisualStudioVersion = 17.2.32602.215
MinimumVisualStudioVersion = 10.0.40219.1
Project("{9A19103F-16F7-4668-BE54-9A1E7A4F7556}") = "01-CursoCSharp", "CursoCSharp\01-CursoCSharp.csproj", "{A29822CE-E231-421D-8B06-473D8744B383}"
EndProject
Project("{9A19103F-16F7-4668-BE54-9A1E7A4F7556}") = "02-Comentarios", "Comentarios\02-Comentarios.csproj", "{562702FA-9528-493F-BE90-4789E6256936}"
EndProject
Project("{9A19103F-16F7-4668-BE54-9A1E7A4F7556}") = "03-Variaveis", "Variaveis\03-Variaveis.csproj", "{7B67A384-C404-494C-AC21-A15422BB4C40}"
EndProject
Project("{9A19103F-16F7-4668-BE54-9A1E7A4F7556}") = "04-ExercicioSaidaDados", "EXERCÍCIO\04-ExercicioSaidaDados.csproj", "{FC10E3AC-63C4-40E2-A223-BD9A8296BCCF}"
EndProject
Project("{9A19103F-16F7-4668-BE54-9A1E7A4F7556}") = "05-OperadoresDeAtribuicao", "OperadoresDeAtribuicao\05-OperadoresDeAtribuicao.csproj", "{FFE84019-1D9A-4503-884D-91F6C6C2D798}"
EndProject
Project("{9A19103F-16F7-4668-BE54-9A1E7A4F7556}") = "06-ConversaoImplicitaeCasting", "ConversaoImplicitaeCasting\06-ConversaoImplicitaeCasting.csproj", "{57066187-D290-48D3-A30E-883EAFC061CF}"
EndProject
Project("{9A19103F-16F7-4668-BE54-9A1E7A4F7556}") = "07-OperadoresAritmeticos", "OperadoresAritmeticos\07-OperadoresAritmeticos.csproj", "{0F100882-3C82-4EDB-937E-ABBB9D78EF32}"
EndProject
Project("{9A19103F-16F7-4668-BE54-9A1E7A4F7556}") = "08-Entrada_ De_Dados-1", "Entrada_ De_Dados\08-Entrada_ De_Dados-1.csproj", "{5606B816-992A-4962-96C3-F90ACC2D1C19}"
EndProject
Project("{9A19103F-16F7-4668-BE54-9A1E7A4F7556}") = "09- Entrada_De_Dados-2", "Entrada_De_Dados-2\09- Entrada_De_Dados-2.csproj", "{55D34306-DF84-4858-BF45-7F2A38D075CE}"
EndProject
Project("{9A19103F-16F7-4668-BE54-9A1E7A4F7556}") = "10-ExercicioEntradaDeDados", "ExercicioEntradaDeDados\10-ExercicioEntradaDeDados.csproj", "{A7AC3823-B93E-4FF6-AF76-45D4CEE4CB7F}"
EndProject
Project("{9A19103F-16F7-4668-BE54-9A1E7A4F7556}") = "17 - Operadores comparativos", "Operadores comparativos\17 - Operadores comparativos.csproj", "{A0595158-D493-4095-9B71-E69BC058A393}"
EndProject
Project("{9A19103F-16F7-4668-BE54-9A1E7A4F7556}") = "18 - Operadores_Logicos", "Operadores_Logicos\18 - Operadores_Logicos.csproj", "{C2376244-E5C3-470D-AF98-BFC28DD03A16}"
EndProject
Project("{9A19103F-16F7-4668-BE54-9A1E7A4F7556}") = "19 - Estrutura_Condicinal_If_Else", "Estrutura_Condicinal_If_Else\19 - Estrutura_Condicinal_If_Else.csproj", "{FB3006C9-E3CC-4E1E-BA86-D49B0E8A0492}"
EndProject
Project("{9A19103F-16F7-4668-BE54-9A1E7A4F7556}") = "20 - Exercicio_Estrutura_condicional", "Exercicio_Estrutura_condicional\20 - Exercicio_Estrutura_condicional.csproj", "{88958413-30CC-480E-BFC9-226D5198FE79}"
EndProject
Project("{9A19103F-16F7-4668-BE54-9A1E7A4F7556}") = "21 - Funções(Sintax)", "Funções(Sintax)\21 - Funções(Sintax).csproj", "{CDFF7FCC-6658-4661-BBAD-9FA3849610D1}"
EndProject
Project("{9A19103F-16F7-4668-BE54-9A1E7A4F7556}") = "22 - Debugging", "Debugging\22 - Debugging.csproj", "{0EFFCA09-6CEF-45B3-B15D-8163D2E10DAA}"
EndProject
Project("{9A19103F-16F7-4668-BE54-9A1E7A4F7556}") = "23 - Estrutura_Repetitiva_Enquanto(while)", "Estrutura_Repetitiva_Enquanto(while)\23 - Estrutura_Repetitiva_Enquanto(while).csproj", "{5C0187DE-35D4-42FC-96BD-3D119EBB60B6}"
EndProject
Project("{9A19103F-16F7-4668-BE54-9A1E7A4F7556}") = "25 - Estrutura_Repetitiva_Para(for)", "Estrutura_Repetitiva_Para(for)\25 - Estrutura_Repetitiva_Para(for).csproj", "{95F62CD7-E93D-4914-870B-91E5D6C867B6}"
EndProject
Project("{9A19103F-16F7-4668-BE54-9A1E7A4F7556}") = "33 - Exerc_Triangulo_Sem_POO", "Exerc_Triangulo_Sem_POO\33 - Exerc_Triangulo_Sem_POO.csproj", "{E15B2CCB-3FF6-4A22-A2DE-CF5A9089BCDC}"
EndProject
Project("{9A19103F-16F7-4668-BE54-9A1E7A4F7556}") = "34 - Exerc_Triangulo_CLASS", "Exerc_Triangulo_CLASS\34 - Exerc_Triangulo_CLASS.csproj", "{C91E6040-2060-4640-918D-43A83DCC48CE}"
EndProject
Project("{9A19103F-16F7-4668-BE54-9A1E7A4F7556}") = "Exerc_Class_1", "Exerc_Class_1\Exerc_Class_1.csproj", "{D662876D-DF7E-4279-A2A0-4BE3682FF6DC}"
EndProject
Project("{9A19103F-16F7-4668-BE54-9A1E7A4F7556}") = "Exerc_Class_2", "Exerc_Class_2\Exerc_Class_2.csproj", "{58B9B53F-85C5-47DC-9B62-886C49AFC48C}"
EndProject
Project("{9A19103F-16F7-4668-BE54-9A1E7A4F7556}") = "Exerc_Triangulo_METODO", "Exerc_Triangulo_METODO\Exerc_Triangulo_METODO.csproj", "{6EB7339B-A249-4E0D-AF3D-5282735AE197}"
EndProject
Project("{9A19103F-16F7-4668-BE54-9A1E7A4F7556}") = "Exerc_POO_Produtos", "Exerc_POO_Produtos\Exerc_POO_Produtos.csproj", "{F2EBAC1E-35EC-44CB-81E0-77F1333F5EB4}"
EndProject
Project("{9A19103F-16F7-4668-BE54-9A1E7A4F7556}") = "Exerc_POO_Retangulo", "Exerc_POO_Retangulo\Exerc_POO_Retangulo.csproj", "{965B2610-A8D6-4C91-AB4E-96F509304B1E}"
EndProject
Project("{9A19103F-16F7-4668-BE54-9A1E7A4F7556}") = "Exerc_POO_Funcionario", "Exerc_POO_Funcionario\Exerc_POO_Funcionario.csproj", "{4CA98525-5285-4920-8AD5-17EE5513607D}"
EndProject
Project("{9A19103F-16F7-4668-BE54-9A1E7A4F7556}") = "Exerc_POO_Aluno", "Exerc_POO_Aluno\Exerc_POO_Aluno.csproj", "{D33C11E4-4608-4E42-ACC5-70457816E9E9}"
EndProject
Project("{9A19103F-16F7-4668-BE54-9A1E7A4F7556}") = "Membros_Estaticos_Versão_1", "Membros_Estaticos\Membros_Estaticos_Versão_1.csproj", "{82CC8BDC-1EDD-4D7F-A109-FB816C62984C}"
EndProject
Project("{9A19103F-16F7-4668-BE54-9A1E7A4F7556}") = "Membros_Estaticos_Versão_2", "Membros_Estaticos_Versão_2\Membros_Estaticos_Versão_2.csproj", "{E71A308D-8BD8-469C-92BA-D05B5E352C8D}"
EndProject
Project("{9A19103F-16F7-4668-BE54-9A1E7A4F7556}") = "Membros_Estaticos_Versao_3", "Membros_Estaticos_Versao_3\Membros_Estaticos_Versao_3.csproj", "{36A06BDA-6E9D-4BA1-A181-48FAC24DD8D0}"
EndProject
Project("{9A19103F-16F7-4668-BE54-9A1E7A4F7556}") = "Exerc_Membros_Estaticos", "Exerc_Membros_Estaticos\Exerc_Membros_Estaticos.csproj", "{F28E07A9-846D-4DB7-BE5D-260FAA101E48}"
EndProject
Project("{9A19103F-16F7-4668-BE54-9A1E7A4F7556}") = "Construtores", "Construtores\Construtores.csproj", "{3E3F3290-F78A-4ADD-963F-53A1D94A3741}"
EndProject
Project("{9A19103F-16F7-4668-BE54-9A1E7A4F7556}") = "Sobrecarga", "Sobrecarga\Sobrecarga.csproj", "{0A9EDF26-2227-4465-8061-5BB84C82E35B}"
EndProject
Project("{9A19103F-16F7-4668-BE54-9A1E7A4F7556}") = "Palavra_This", "Palavra_This\Palavra_This.csproj", "{59CEE573-8264-4503-8071-8967F8CC1216}"
EndProject
Project("{9A19103F-16F7-4668-BE54-9A1E7A4F7556}") = "Encapsulamento_Propiedade_Autopropriedade", "Encapsulamento\Encapsulamento_Propiedade_Autopropriedade.csproj", "{40263C32-B436-4828-8728-FFB6FE7A6359}"
EndProject
Project("{9A19103F-16F7-4668-BE54-9A1E7A4F7556}") = "Modificadores_De_Acesso", "Modificadores_De_Acesso\Modificadores_De_Acesso.csproj", "{4BCA5023-70D4-49F4-A4BC-1B7FE3CAF0C4}"
EndProject
Project("{9A19103F-16F7-4668-BE54-9A1E7A4F7556}") = "Exerc_Conta_Bancaria", "Exerc_Conta_Bancaria\Exerc_Conta_Bancaria.csproj", "{287EADF5-6618-4719-8235-6216464B0FD4}"
EndProject
Project("{9A19103F-16F7-4668-BE54-9A1E7A4F7556}") = "Vetor_Do_Tipo_Extruture", "Vetores\Vetor_Do_Tipo_Extruture.csproj", "{8F4E492B-92D8-4E24-94E5-6D1336A5FDF8}"
EndProject
Project("{9A19103F-16F7-4668-BE54-9A1E7A4F7556}") = "Vetor_Do_Tipo_Class", "Vetor_Do_Tipo_Class\Vetor_Do_Tipo_Class.csproj", "{EE66C334-62CC-4C24-9C6B-DD3A684C76FC}"
EndProject
Project("{9A19103F-16F7-4668-BE54-9A1E7A4F7556}") = "Exerc_Vetores", "Exerc_Vetores\Exerc_Vetores.csproj", "{29F5611C-5CEE-4BF9-86CF-307AFBF81A08}"
EndProject
Project("{9A19103F-16F7-4668-BE54-9A1E7A4F7556}") = "11 - Exerc_Estru_Sequenc01", "11 - Exerc_Estru_Sequenc01\11 - Exerc_Estru_Sequenc01.csproj", "{5BDB80E3-9922-47E8-B31E-0CDDAA5172D6}"
EndProject
Project("{9A19103F-16F7-4668-BE54-9A1E7A4F7556}") = "12 - Exerc_Estru_Sequenc02", "12 - Exerc_Estru_Sequenc02\12 - Exerc_Estru_Sequenc02.csproj", "{20C8FEA0-4AAA-4BC1-AB60-4210A7B49485}"
EndProject
Project("{9A19103F-16F7-4668-BE54-9A1E7A4F7556}") = "13 - Exerc_Estru_Sequenc03", "13 - Exerc_Estru_Sequenc03\13 - Exerc_Estru_Sequenc03.csproj", "{0FCF588D-E3AC-477C-A1F7-E4E7ABB56939}"
EndProject
Project("{9A19103F-16F7-4668-BE54-9A1E7A4F7556}") = "14 - Exerc_Estru_Sequenc04", "14 - Exerc_Estru_Sequenc04\14 - Exerc_Estru_Sequenc04.csproj", "{830DE447-5700-420B-B235-DB7E95D968DB}"
EndProject
Project("{9A19103F-16F7-4668-BE54-9A1E7A4F7556}") = "15 - Exerc_Estru_Sequenc05", "15 - Exerc_Estru_Sequenc05\15 - Exerc_Estru_Sequenc05.csproj", "{D804E856-9982-4FE1-8333-CA60C93699C5}"
EndProject
Project("{9A19103F-16F7-4668-BE54-9A1E7A4F7556}") = "16 - Exerc_Estru_Sequenc06", "16 - Exerc_Estru_Sequenc06\16 - Exerc_Estru_Sequenc06.csproj", "{89B037A2-B343-4FC2-8F50-EBD0BFC09FED}"
EndProject
Project("{9A19103F-16F7-4668-BE54-9A1E7A4F7556}") = "24 - Exerc_Estrut_Repetitiva_Enquanto(While)", "Exerc_Estrt_Repetitiva_While01\24 - Exerc_Estrut_Repetitiva_Enquanto(While).csproj", "{A2A4459F-8A43-460A-8DFB-4DFC452667FC}"
EndProject
Project("{9A19103F-16F7-4668-BE54-9A1E7A4F7556}") = "26 - Exerc_Estrutura_Para(for)01", "Exerc_Estrutura_Para(for)\26 - Exerc_Estrutura_Para(for)01.csproj", "{AD9562DA-DB4D-4EDF-BDE9-C7A97853C5F6}"
EndProject
Project("{9A19103F-16F7-4668-BE54-9A1E7A4F7556}") = "27 - Exerc_Estrutura_Para(for)02", "27 - Exerc_Estrutura_Para(for)02\27 - Exerc_Estrutura_Para(for)02.csproj", "{A4484648-301A-4CFC-8C87-77CD9B020FDD}"
EndProject
Project("{9A19103F-16F7-4668-BE54-9A1E7A4F7556}") = "28 - Exerc_Estrutura_Para(for)03", "28 - Exerc_Estrutura_Para(for)03\28 - Exerc_Estrutura_Para(for)03.csproj", "{DA6CC1CB-B6FD-4588-B614-894AC326D479}"
EndProject
Project("{9A19103F-16F7-4668-BE54-9A1E7A4F7556}") = "29 - Exerc_Estrutura_Para(for)04", "29 - Exerc_Estrutura_Para(for)04\29 - Exerc_Estrutura_Para(for)04.csproj", "{F9314B48-3677-4BCB-93D4-D35476533532}"
EndProject
Project("{FAE04EC0-301F-11D3-BF4B-00C04F79EFBC}") = "30 - Exerc_Estrut_Reptit_Para(for)05", "30 - Exerc_Estrut_Reptit_For(Para)\30 - Exerc_Estrut_Reptit_Para(for)05.csproj", "{A7230A23-8B55-4B48-91F8-40D009EDDED8}"
EndProject
Project("{FAE04EC0-301F-11D3-BF4B-00C04F79EFBC}") = "31 - Exerc_Estrut_Reptit_Para(for)06", "31 - Exerc_Estrut_Reptit_Para(for)06\31 - Exerc_Estrut_Reptit_Para(for)06.csproj", "{3B43EAA8-EC16-40F6-8CB7-578703A8E786}"
EndProject
Project("{FAE04EC0-301F-11D3-BF4B-00C04F79EFBC}") = "32 - Exerc_Estrut_Reptit_Para(for)07", "32 - Exerc_Estrut_Reptit_Para(for)07\32 - Exerc_Estrut_Reptit_Para(for)07.csproj", "{D665CC8D-A651-49C9-BD62-456037081AF6}"
EndProject
Global
	GlobalSection(SolutionConfigurationPlatforms) = preSolution
		Debug|Any CPU = Debug|Any CPU
		Release|Any CPU = Release|Any CPU
	EndGlobalSection
	GlobalSection(ProjectConfigurationPlatforms) = postSolution
		{A29822CE-E231-421D-8B06-473D8744B383}.Debug|Any CPU.ActiveCfg = Debug|Any CPU
		{A29822CE-E231-421D-8B06-473D8744B383}.Debug|Any CPU.Build.0 = Debug|Any CPU
		{A29822CE-E231-421D-8B06-473D8744B383}.Release|Any CPU.ActiveCfg = Release|Any CPU
		{A29822CE-E231-421D-8B06-473D8744B383}.Release|Any CPU.Build.0 = Release|Any CPU
		{562702FA-9528-493F-BE90-4789E6256936}.Debug|Any CPU.ActiveCfg = Debug|Any CPU
		{562702FA-9528-493F-BE90-4789E6256936}.Debug|Any CPU.Build.0 = Debug|Any CPU
		{562702FA-9528-493F-BE90-4789E6256936}.Release|Any CPU.ActiveCfg = Release|Any CPU
		{562702FA-9528-493F-BE90-4789E6256936}.Release|Any CPU.Build.0 = Release|Any CPU
		{7B67A384-C404-494C-AC21-A15422BB4C40}.Debug|Any CPU.ActiveCfg = Debug|Any CPU
		{7B67A384-C404-494C-AC21-A15422BB4C40}.Debug|Any CPU.Build.0 = Debug|Any CPU
		{7B67A384-C404-494C-AC21-A15422BB4C40}.Release|Any CPU.ActiveCfg = Release|Any CPU
		{7B67A384-C404-494C-AC21-A15422BB4C40}.Release|Any CPU.Build.0 = Release|Any CPU
		{FC10E3AC-63C4-40E2-A223-BD9A8296BCCF}.Debug|Any CPU.ActiveCfg = Debug|Any CPU
		{FC10E3AC-63C4-40E2-A223-BD9A8296BCCF}.Debug|Any CPU.Build.0 = Debug|Any CPU
		{FC10E3AC-63C4-40E2-A223-BD9A8296BCCF}.Release|Any CPU.ActiveCfg = Release|Any CPU
		{FC10E3AC-63C4-40E2-A223-BD9A8296BCCF}.Release|Any CPU.Build.0 = Release|Any CPU
		{FFE84019-1D9A-4503-884D-91F6C6C2D798}.Debug|Any CPU.ActiveCfg = Debug|Any CPU
		{FFE84019-1D9A-4503-884D-91F6C6C2D798}.Debug|Any CPU.Build.0 = Debug|Any CPU
		{FFE84019-1D9A-4503-884D-91F6C6C2D798}.Release|Any CPU.ActiveCfg = Release|Any CPU
		{FFE84019-1D9A-4503-884D-91F6C6C2D798}.Release|Any CPU.Build.0 = Release|Any CPU
		{57066187-D290-48D3-A30E-883EAFC061CF}.Debug|Any CPU.ActiveCfg = Debug|Any CPU
		{57066187-D290-48D3-A30E-883EAFC061CF}.Debug|Any CPU.Build.0 = Debug|Any CPU
		{57066187-D290-48D3-A30E-883EAFC061CF}.Release|Any CPU.ActiveCfg = Release|Any CPU
		{57066187-D290-48D3-A30E-883EAFC061CF}.Release|Any CPU.Build.0 = Release|Any CPU
		{0F100882-3C82-4EDB-937E-ABBB9D78EF32}.Debug|Any CPU.ActiveCfg = Debug|Any CPU
		{0F100882-3C82-4EDB-937E-ABBB9D78EF32}.Debug|Any CPU.Build.0 = Debug|Any CPU
		{0F100882-3C82-4EDB-937E-ABBB9D78EF32}.Release|Any CPU.ActiveCfg = Release|Any CPU
		{0F100882-3C82-4EDB-937E-ABBB9D78EF32}.Release|Any CPU.Build.0 = Release|Any CPU
		{5606B816-992A-4962-96C3-F90ACC2D1C19}.Debug|Any CPU.ActiveCfg = Debug|Any CPU
		{5606B816-992A-4962-96C3-F90ACC2D1C19}.Debug|Any CPU.Build.0 = Debug|Any CPU
		{5606B816-992A-4962-96C3-F90ACC2D1C19}.Release|Any CPU.ActiveCfg = Release|Any CPU
		{5606B816-992A-4962-96C3-F90ACC2D1C19}.Release|Any CPU.Build.0 = Release|Any CPU
		{55D34306-DF84-4858-BF45-7F2A38D075CE}.Debug|Any CPU.ActiveCfg = Debug|Any CPU
		{55D34306-DF84-4858-BF45-7F2A38D075CE}.Debug|Any CPU.Build.0 = Debug|Any CPU
		{55D34306-DF84-4858-BF45-7F2A38D075CE}.Release|Any CPU.ActiveCfg = Release|Any CPU
		{55D34306-DF84-4858-BF45-7F2A38D075CE}.Release|Any CPU.Build.0 = Release|Any CPU
		{A7AC3823-B93E-4FF6-AF76-45D4CEE4CB7F}.Debug|Any CPU.ActiveCfg = Debug|Any CPU
		{A7AC3823-B93E-4FF6-AF76-45D4CEE4CB7F}.Debug|Any CPU.Build.0 = Debug|Any CPU
		{A7AC3823-B93E-4FF6-AF76-45D4CEE4CB7F}.Release|Any CPU.ActiveCfg = Release|Any CPU
		{A7AC3823-B93E-4FF6-AF76-45D4CEE4CB7F}.Release|Any CPU.Build.0 = Release|Any CPU
		{A0595158-D493-4095-9B71-E69BC058A393}.Debug|Any CPU.ActiveCfg = Debug|Any CPU
		{A0595158-D493-4095-9B71-E69BC058A393}.Debug|Any CPU.Build.0 = Debug|Any CPU
		{A0595158-D493-4095-9B71-E69BC058A393}.Release|Any CPU.ActiveCfg = Release|Any CPU
		{A0595158-D493-4095-9B71-E69BC058A393}.Release|Any CPU.Build.0 = Release|Any CPU
		{C2376244-E5C3-470D-AF98-BFC28DD03A16}.Debug|Any CPU.ActiveCfg = Debug|Any CPU
		{C2376244-E5C3-470D-AF98-BFC28DD03A16}.Debug|Any CPU.Build.0 = Debug|Any CPU
		{C2376244-E5C3-470D-AF98-BFC28DD03A16}.Release|Any CPU.ActiveCfg = Release|Any CPU
		{C2376244-E5C3-470D-AF98-BFC28DD03A16}.Release|Any CPU.Build.0 = Release|Any CPU
		{FB3006C9-E3CC-4E1E-BA86-D49B0E8A0492}.Debug|Any CPU.ActiveCfg = Debug|Any CPU
		{FB3006C9-E3CC-4E1E-BA86-D49B0E8A0492}.Debug|Any CPU.Build.0 = Debug|Any CPU
		{FB3006C9-E3CC-4E1E-BA86-D49B0E8A0492}.Release|Any CPU.ActiveCfg = Release|Any CPU
		{FB3006C9-E3CC-4E1E-BA86-D49B0E8A0492}.Release|Any CPU.Build.0 = Release|Any CPU
		{88958413-30CC-480E-BFC9-226D5198FE79}.Debug|Any CPU.ActiveCfg = Debug|Any CPU
		{88958413-30CC-480E-BFC9-226D5198FE79}.Debug|Any CPU.Build.0 = Debug|Any CPU
		{88958413-30CC-480E-BFC9-226D5198FE79}.Release|Any CPU.ActiveCfg = Release|Any CPU
		{88958413-30CC-480E-BFC9-226D5198FE79}.Release|Any CPU.Build.0 = Release|Any CPU
		{CDFF7FCC-6658-4661-BBAD-9FA3849610D1}.Debug|Any CPU.ActiveCfg = Debug|Any CPU
		{CDFF7FCC-6658-4661-BBAD-9FA3849610D1}.Debug|Any CPU.Build.0 = Debug|Any CPU
		{CDFF7FCC-6658-4661-BBAD-9FA3849610D1}.Release|Any CPU.ActiveCfg = Release|Any CPU
		{CDFF7FCC-6658-4661-BBAD-9FA3849610D1}.Release|Any CPU.Build.0 = Release|Any CPU
		{0EFFCA09-6CEF-45B3-B15D-8163D2E10DAA}.Debug|Any CPU.ActiveCfg = Debug|Any CPU
		{0EFFCA09-6CEF-45B3-B15D-8163D2E10DAA}.Debug|Any CPU.Build.0 = Debug|Any CPU
		{0EFFCA09-6CEF-45B3-B15D-8163D2E10DAA}.Release|Any CPU.ActiveCfg = Release|Any CPU
		{0EFFCA09-6CEF-45B3-B15D-8163D2E10DAA}.Release|Any CPU.Build.0 = Release|Any CPU
		{5C0187DE-35D4-42FC-96BD-3D119EBB60B6}.Debug|Any CPU.ActiveCfg = Debug|Any CPU
		{5C0187DE-35D4-42FC-96BD-3D119EBB60B6}.Debug|Any CPU.Build.0 = Debug|Any CPU
		{5C0187DE-35D4-42FC-96BD-3D119EBB60B6}.Release|Any CPU.ActiveCfg = Release|Any CPU
		{5C0187DE-35D4-42FC-96BD-3D119EBB60B6}.Release|Any CPU.Build.0 = Release|Any CPU
		{95F62CD7-E93D-4914-870B-91E5D6C867B6}.Debug|Any CPU.ActiveCfg = Debug|Any CPU
		{95F62CD7-E93D-4914-870B-91E5D6C867B6}.Debug|Any CPU.Build.0 = Debug|Any CPU
		{95F62CD7-E93D-4914-870B-91E5D6C867B6}.Release|Any CPU.ActiveCfg = Release|Any CPU
		{95F62CD7-E93D-4914-870B-91E5D6C867B6}.Release|Any CPU.Build.0 = Release|Any CPU
		{E15B2CCB-3FF6-4A22-A2DE-CF5A9089BCDC}.Debug|Any CPU.ActiveCfg = Debug|Any CPU
		{E15B2CCB-3FF6-4A22-A2DE-CF5A9089BCDC}.Debug|Any CPU.Build.0 = Debug|Any CPU
		{E15B2CCB-3FF6-4A22-A2DE-CF5A9089BCDC}.Release|Any CPU.ActiveCfg = Release|Any CPU
		{E15B2CCB-3FF6-4A22-A2DE-CF5A9089BCDC}.Release|Any CPU.Build.0 = Release|Any CPU
		{C91E6040-2060-4640-918D-43A83DCC48CE}.Debug|Any CPU.ActiveCfg = Debug|Any CPU
		{C91E6040-2060-4640-918D-43A83DCC48CE}.Debug|Any CPU.Build.0 = Debug|Any CPU
		{C91E6040-2060-4640-918D-43A83DCC48CE}.Release|Any CPU.ActiveCfg = Release|Any CPU
		{C91E6040-2060-4640-918D-43A83DCC48CE}.Release|Any CPU.Build.0 = Release|Any CPU
		{D662876D-DF7E-4279-A2A0-4BE3682FF6DC}.Debug|Any CPU.ActiveCfg = Debug|Any CPU
		{D662876D-DF7E-4279-A2A0-4BE3682FF6DC}.Debug|Any CPU.Build.0 = Debug|Any CPU
		{D662876D-DF7E-4279-A2A0-4BE3682FF6DC}.Release|Any CPU.ActiveCfg = Release|Any CPU
		{D662876D-DF7E-4279-A2A0-4BE3682FF6DC}.Release|Any CPU.Build.0 = Release|Any CPU
		{58B9B53F-85C5-47DC-9B62-886C49AFC48C}.Debug|Any CPU.ActiveCfg = Debug|Any CPU
		{58B9B53F-85C5-47DC-9B62-886C49AFC48C}.Debug|Any CPU.Build.0 = Debug|Any CPU
		{58B9B53F-85C5-47DC-9B62-886C49AFC48C}.Release|Any CPU.ActiveCfg = Release|Any CPU
		{58B9B53F-85C5-47DC-9B62-886C49AFC48C}.Release|Any CPU.Build.0 = Release|Any CPU
		{6EB7339B-A249-4E0D-AF3D-5282735AE197}.Debug|Any CPU.ActiveCfg = Debug|Any CPU
		{6EB7339B-A249-4E0D-AF3D-5282735AE197}.Debug|Any CPU.Build.0 = Debug|Any CPU
		{6EB7339B-A249-4E0D-AF3D-5282735AE197}.Release|Any CPU.ActiveCfg = Release|Any CPU
		{6EB7339B-A249-4E0D-AF3D-5282735AE197}.Release|Any CPU.Build.0 = Release|Any CPU
		{F2EBAC1E-35EC-44CB-81E0-77F1333F5EB4}.Debug|Any CPU.ActiveCfg = Debug|Any CPU
		{F2EBAC1E-35EC-44CB-81E0-77F1333F5EB4}.Debug|Any CPU.Build.0 = Debug|Any CPU
		{F2EBAC1E-35EC-44CB-81E0-77F1333F5EB4}.Release|Any CPU.ActiveCfg = Release|Any CPU
		{F2EBAC1E-35EC-44CB-81E0-77F1333F5EB4}.Release|Any CPU.Build.0 = Release|Any CPU
		{965B2610-A8D6-4C91-AB4E-96F509304B1E}.Debug|Any CPU.ActiveCfg = Debug|Any CPU
		{965B2610-A8D6-4C91-AB4E-96F509304B1E}.Debug|Any CPU.Build.0 = Debug|Any CPU
		{965B2610-A8D6-4C91-AB4E-96F509304B1E}.Release|Any CPU.ActiveCfg = Release|Any CPU
		{965B2610-A8D6-4C91-AB4E-96F509304B1E}.Release|Any CPU.Build.0 = Release|Any CPU
		{4CA98525-5285-4920-8AD5-17EE5513607D}.Debug|Any CPU.ActiveCfg = Debug|Any CPU
		{4CA98525-5285-4920-8AD5-17EE5513607D}.Debug|Any CPU.Build.0 = Debug|Any CPU
		{4CA98525-5285-4920-8AD5-17EE5513607D}.Release|Any CPU.ActiveCfg = Release|Any CPU
		{4CA98525-5285-4920-8AD5-17EE5513607D}.Release|Any CPU.Build.0 = Release|Any CPU
		{D33C11E4-4608-4E42-ACC5-70457816E9E9}.Debug|Any CPU.ActiveCfg = Debug|Any CPU
		{D33C11E4-4608-4E42-ACC5-70457816E9E9}.Debug|Any CPU.Build.0 = Debug|Any CPU
		{D33C11E4-4608-4E42-ACC5-70457816E9E9}.Release|Any CPU.ActiveCfg = Release|Any CPU
		{D33C11E4-4608-4E42-ACC5-70457816E9E9}.Release|Any CPU.Build.0 = Release|Any CPU
		{82CC8BDC-1EDD-4D7F-A109-FB816C62984C}.Debug|Any CPU.ActiveCfg = Debug|Any CPU
		{82CC8BDC-1EDD-4D7F-A109-FB816C62984C}.Debug|Any CPU.Build.0 = Debug|Any CPU
		{82CC8BDC-1EDD-4D7F-A109-FB816C62984C}.Release|Any CPU.ActiveCfg = Release|Any CPU
		{82CC8BDC-1EDD-4D7F-A109-FB816C62984C}.Release|Any CPU.Build.0 = Release|Any CPU
		{E71A308D-8BD8-469C-92BA-D05B5E352C8D}.Debug|Any CPU.ActiveCfg = Debug|Any CPU
		{E71A308D-8BD8-469C-92BA-D05B5E352C8D}.Debug|Any CPU.Build.0 = Debug|Any CPU
		{E71A308D-8BD8-469C-92BA-D05B5E352C8D}.Release|Any CPU.ActiveCfg = Release|Any CPU
		{E71A308D-8BD8-469C-92BA-D05B5E352C8D}.Release|Any CPU.Build.0 = Release|Any CPU
		{36A06BDA-6E9D-4BA1-A181-48FAC24DD8D0}.Debug|Any CPU.ActiveCfg = Debug|Any CPU
		{36A06BDA-6E9D-4BA1-A181-48FAC24DD8D0}.Debug|Any CPU.Build.0 = Debug|Any CPU
		{36A06BDA-6E9D-4BA1-A181-48FAC24DD8D0}.Release|Any CPU.ActiveCfg = Release|Any CPU
		{36A06BDA-6E9D-4BA1-A181-48FAC24DD8D0}.Release|Any CPU.Build.0 = Release|Any CPU
		{F28E07A9-846D-4DB7-BE5D-260FAA101E48}.Debug|Any CPU.ActiveCfg = Debug|Any CPU
		{F28E07A9-846D-4DB7-BE5D-260FAA101E48}.Debug|Any CPU.Build.0 = Debug|Any CPU
		{F28E07A9-846D-4DB7-BE5D-260FAA101E48}.Release|Any CPU.ActiveCfg = Release|Any CPU
		{F28E07A9-846D-4DB7-BE5D-260FAA101E48}.Release|Any CPU.Build.0 = Release|Any CPU
		{3E3F3290-F78A-4ADD-963F-53A1D94A3741}.Debug|Any CPU.ActiveCfg = Debug|Any CPU
		{3E3F3290-F78A-4ADD-963F-53A1D94A3741}.Debug|Any CPU.Build.0 = Debug|Any CPU
		{3E3F3290-F78A-4ADD-963F-53A1D94A3741}.Release|Any CPU.ActiveCfg = Release|Any CPU
		{3E3F3290-F78A-4ADD-963F-53A1D94A3741}.Release|Any CPU.Build.0 = Release|Any CPU
		{0A9EDF26-2227-4465-8061-5BB84C82E35B}.Debug|Any CPU.ActiveCfg = Debug|Any CPU
		{0A9EDF26-2227-4465-8061-5BB84C82E35B}.Debug|Any CPU.Build.0 = Debug|Any CPU
		{0A9EDF26-2227-4465-8061-5BB84C82E35B}.Release|Any CPU.ActiveCfg = Release|Any CPU
		{0A9EDF26-2227-4465-8061-5BB84C82E35B}.Release|Any CPU.Build.0 = Release|Any CPU
		{59CEE573-8264-4503-8071-8967F8CC1216}.Debug|Any CPU.ActiveCfg = Debug|Any CPU
		{59CEE573-8264-4503-8071-8967F8CC1216}.Debug|Any CPU.Build.0 = Debug|Any CPU
		{59CEE573-8264-4503-8071-8967F8CC1216}.Release|Any CPU.ActiveCfg = Release|Any CPU
		{59CEE573-8264-4503-8071-8967F8CC1216}.Release|Any CPU.Build.0 = Release|Any CPU
		{40263C32-B436-4828-8728-FFB6FE7A6359}.Debug|Any CPU.ActiveCfg = Debug|Any CPU
		{40263C32-B436-4828-8728-FFB6FE7A6359}.Debug|Any CPU.Build.0 = Debug|Any CPU
		{40263C32-B436-4828-8728-FFB6FE7A6359}.Release|Any CPU.ActiveCfg = Release|Any CPU
		{40263C32-B436-4828-8728-FFB6FE7A6359}.Release|Any CPU.Build.0 = Release|Any CPU
		{4BCA5023-70D4-49F4-A4BC-1B7FE3CAF0C4}.Debug|Any CPU.ActiveCfg = Debug|Any CPU
		{4BCA5023-70D4-49F4-A4BC-1B7FE3CAF0C4}.Debug|Any CPU.Build.0 = Debug|Any CPU
		{4BCA5023-70D4-49F4-A4BC-1B7FE3CAF0C4}.Release|Any CPU.ActiveCfg = Release|Any CPU
		{4BCA5023-70D4-49F4-A4BC-1B7FE3CAF0C4}.Release|Any CPU.Build.0 = Release|Any CPU
		{287EADF5-6618-4719-8235-6216464B0FD4}.Debug|Any CPU.ActiveCfg = Debug|Any CPU
		{287EADF5-6618-4719-8235-6216464B0FD4}.Debug|Any CPU.Build.0 = Debug|Any CPU
		{287EADF5-6618-4719-8235-6216464B0FD4}.Release|Any CPU.ActiveCfg = Release|Any CPU
		{287EADF5-6618-4719-8235-6216464B0FD4}.Release|Any CPU.Build.0 = Release|Any CPU
		{8F4E492B-92D8-4E24-94E5-6D1336A5FDF8}.Debug|Any CPU.ActiveCfg = Debug|Any CPU
		{8F4E492B-92D8-4E24-94E5-6D1336A5FDF8}.Debug|Any CPU.Build.0 = Debug|Any CPU
		{8F4E492B-92D8-4E24-94E5-6D1336A5FDF8}.Release|Any CPU.ActiveCfg = Release|Any CPU
		{8F4E492B-92D8-4E24-94E5-6D1336A5FDF8}.Release|Any CPU.Build.0 = Release|Any CPU
		{EE66C334-62CC-4C24-9C6B-DD3A684C76FC}.Debug|Any CPU.ActiveCfg = Debug|Any CPU
		{EE66C334-62CC-4C24-9C6B-DD3A684C76FC}.Debug|Any CPU.Build.0 = Debug|Any CPU
		{EE66C334-62CC-4C24-9C6B-DD3A684C76FC}.Release|Any CPU.ActiveCfg = Release|Any CPU
		{EE66C334-62CC-4C24-9C6B-DD3A684C76FC}.Release|Any CPU.Build.0 = Release|Any CPU
		{29F5611C-5CEE-4BF9-86CF-307AFBF81A08}.Debug|Any CPU.ActiveCfg = Debug|Any CPU
		{29F5611C-5CEE-4BF9-86CF-307AFBF81A08}.Debug|Any CPU.Build.0 = Debug|Any CPU
		{29F5611C-5CEE-4BF9-86CF-307AFBF81A08}.Release|Any CPU.ActiveCfg = Release|Any CPU
		{29F5611C-5CEE-4BF9-86CF-307AFBF81A08}.Release|Any CPU.Build.0 = Release|Any CPU
		{5BDB80E3-9922-47E8-B31E-0CDDAA5172D6}.Debug|Any CPU.ActiveCfg = Debug|Any CPU
		{5BDB80E3-9922-47E8-B31E-0CDDAA5172D6}.Debug|Any CPU.Build.0 = Debug|Any CPU
		{5BDB80E3-9922-47E8-B31E-0CDDAA5172D6}.Release|Any CPU.ActiveCfg = Release|Any CPU
		{5BDB80E3-9922-47E8-B31E-0CDDAA5172D6}.Release|Any CPU.Build.0 = Release|Any CPU
		{20C8FEA0-4AAA-4BC1-AB60-4210A7B49485}.Debug|Any CPU.ActiveCfg = Debug|Any CPU
		{20C8FEA0-4AAA-4BC1-AB60-4210A7B49485}.Debug|Any CPU.Build.0 = Debug|Any CPU
		{20C8FEA0-4AAA-4BC1-AB60-4210A7B49485}.Release|Any CPU.ActiveCfg = Release|Any CPU
		{20C8FEA0-4AAA-4BC1-AB60-4210A7B49485}.Release|Any CPU.Build.0 = Release|Any CPU
		{0FCF588D-E3AC-477C-A1F7-E4E7ABB56939}.Debug|Any CPU.ActiveCfg = Debug|Any CPU
		{0FCF588D-E3AC-477C-A1F7-E4E7ABB56939}.Debug|Any CPU.Build.0 = Debug|Any CPU
		{0FCF588D-E3AC-477C-A1F7-E4E7ABB56939}.Release|Any CPU.ActiveCfg = Release|Any CPU
		{0FCF588D-E3AC-477C-A1F7-E4E7ABB56939}.Release|Any CPU.Build.0 = Release|Any CPU
		{830DE447-5700-420B-B235-DB7E95D968DB}.Debug|Any CPU.ActiveCfg = Debug|Any CPU
		{830DE447-5700-420B-B235-DB7E95D968DB}.Debug|Any CPU.Build.0 = Debug|Any CPU
		{830DE447-5700-420B-B235-DB7E95D968DB}.Release|Any CPU.ActiveCfg = Release|Any CPU
		{830DE447-5700-420B-B235-DB7E95D968DB}.Release|Any CPU.Build.0 = Release|Any CPU
		{D804E856-9982-4FE1-8333-CA60C93699C5}.Debug|Any CPU.ActiveCfg = Debug|Any CPU
		{D804E856-9982-4FE1-8333-CA60C93699C5}.Debug|Any CPU.Build.0 = Debug|Any CPU
		{D804E856-9982-4FE1-8333-CA60C93699C5}.Release|Any CPU.ActiveCfg = Release|Any CPU
		{D804E856-9982-4FE1-8333-CA60C93699C5}.Release|Any CPU.Build.0 = Release|Any CPU
		{89B037A2-B343-4FC2-8F50-EBD0BFC09FED}.Debug|Any CPU.ActiveCfg = Debug|Any CPU
		{89B037A2-B343-4FC2-8F50-EBD0BFC09FED}.Debug|Any CPU.Build.0 = Debug|Any CPU
		{89B037A2-B343-4FC2-8F50-EBD0BFC09FED}.Release|Any CPU.ActiveCfg = Release|Any CPU
		{89B037A2-B343-4FC2-8F50-EBD0BFC09FED}.Release|Any CPU.Build.0 = Release|Any CPU
		{A2A4459F-8A43-460A-8DFB-4DFC452667FC}.Debug|Any CPU.ActiveCfg = Debug|Any CPU
		{A2A4459F-8A43-460A-8DFB-4DFC452667FC}.Debug|Any CPU.Build.0 = Debug|Any CPU
		{A2A4459F-8A43-460A-8DFB-4DFC452667FC}.Release|Any CPU.ActiveCfg = Release|Any CPU
		{A2A4459F-8A43-460A-8DFB-4DFC452667FC}.Release|Any CPU.Build.0 = Release|Any CPU
		{AD9562DA-DB4D-4EDF-BDE9-C7A97853C5F6}.Debug|Any CPU.ActiveCfg = Debug|Any CPU
		{AD9562DA-DB4D-4EDF-BDE9-C7A97853C5F6}.Debug|Any CPU.Build.0 = Debug|Any CPU
		{AD9562DA-DB4D-4EDF-BDE9-C7A97853C5F6}.Release|Any CPU.ActiveCfg = Release|Any CPU
		{AD9562DA-DB4D-4EDF-BDE9-C7A97853C5F6}.Release|Any CPU.Build.0 = Release|Any CPU
		{A4484648-301A-4CFC-8C87-77CD9B020FDD}.Debug|Any CPU.ActiveCfg = Debug|Any CPU
		{A4484648-301A-4CFC-8C87-77CD9B020FDD}.Debug|Any CPU.Build.0 = Debug|Any CPU
		{A4484648-301A-4CFC-8C87-77CD9B020FDD}.Release|Any CPU.ActiveCfg = Release|Any CPU
		{A4484648-301A-4CFC-8C87-77CD9B020FDD}.Release|Any CPU.Build.0 = Release|Any CPU
		{DA6CC1CB-B6FD-4588-B614-894AC326D479}.Debug|Any CPU.ActiveCfg = Debug|Any CPU
		{DA6CC1CB-B6FD-4588-B614-894AC326D479}.Debug|Any CPU.Build.0 = Debug|Any CPU
		{DA6CC1CB-B6FD-4588-B614-894AC326D479}.Release|Any CPU.ActiveCfg = Release|Any CPU
		{DA6CC1CB-B6FD-4588-B614-894AC326D479}.Release|Any CPU.Build.0 = Release|Any CPU
		{F9314B48-3677-4BCB-93D4-D35476533532}.Debug|Any CPU.ActiveCfg = Debug|Any CPU
		{F9314B48-3677-4BCB-93D4-D35476533532}.Debug|Any CPU.Build.0 = Debug|Any CPU
		{F9314B48-3677-4BCB-93D4-D35476533532}.Release|Any CPU.ActiveCfg = Release|Any CPU
		{F9314B48-3677-4BCB-93D4-D35476533532}.Release|Any CPU.Build.0 = Release|Any CPU
		{A7230A23-8B55-4B48-91F8-40D009EDDED8}.Debug|Any CPU.ActiveCfg = Debug|Any CPU
		{A7230A23-8B55-4B48-91F8-40D009EDDED8}.Debug|Any CPU.Build.0 = Debug|Any CPU
		{A7230A23-8B55-4B48-91F8-40D009EDDED8}.Release|Any CPU.ActiveCfg = Release|Any CPU
		{A7230A23-8B55-4B48-91F8-40D009EDDED8}.Release|Any CPU.Build.0 = Release|Any CPU
		{3B43EAA8-EC16-40F6-8CB7-578703A8E786}.Debug|Any CPU.ActiveCfg = Debug|Any CPU
		{3B43EAA8-EC16-40F6-8CB7-578703A8E786}.Debug|Any CPU.Build.0 = Debug|Any CPU
		{3B43EAA8-EC16-40F6-8CB7-578703A8E786}.Release|Any CPU.ActiveCfg = Release|Any CPU
		{3B43EAA8-EC16-40F6-8CB7-578703A8E786}.Release|Any CPU.Build.0 = Release|Any CPU
		{D665CC8D-A651-49C9-BD62-456037081AF6}.Debug|Any CPU.ActiveCfg = Debug|Any CPU
		{D665CC8D-A651-49C9-BD62-456037081AF6}.Debug|Any CPU.Build.0 = Debug|Any CPU
		{D665CC8D-A651-49C9-BD62-456037081AF6}.Release|Any CPU.ActiveCfg = Release|Any CPU
		{D665CC8D-A651-49C9-BD62-456037081AF6}.Release|Any CPU.Build.0 = Release|Any CPU
	EndGlobalSection
	GlobalSection(SolutionProperties) = preSolution
		HideSolutionNode = FALSE
	EndGlobalSection
	GlobalSection(ExtensibilityGlobals) = postSolution
		SolutionGuid = {068370A6-3CDB-477A-8934-8D8DEC1BBB68}
	EndGlobalSection
EndGlobal
