
Microsoft Visual Studio Solution File, Format Version 12.00
# Visual Studio Version 17
VisualStudioVersion = 17.11.35312.102
MinimumVisualStudioVersion = 10.0.40219.1
Project("{9A19103F-16F7-4668-BE54-9A1E7A4F7556}") = "01 - Aula 01 Ola_Mundo", "01 - Aula 01 Ola_Mundo\01 - Aula 01 Ola_Mundo.csproj", "{6133C6A4-46D6-49D1-9717-6DCE704AB538}"
EndProject
Project("{9A19103F-16F7-4668-BE54-9A1E7A4F7556}") = "02 - Comentarios", "02 - Comentarios\02 - Comentarios.csproj", "{1E99B901-EE1E-480B-A299-463E03E0A905}"
EndProject
Project("{9A19103F-16F7-4668-BE54-9A1E7A4F7556}") = "03 - Variaveis", "03 - Variaveis\03 - Variaveis.csproj", "{D847EC19-34D0-4C8F-A22B-784C63AB3675}"
EndProject
Project("{9A19103F-16F7-4668-BE54-9A1E7A4F7556}") = "04 - Exerc_Variaveis", "04 - Exerc_Variaveis\04 - Exerc_Variaveis.csproj", "{0E580C6E-BD0A-4750-A20D-0A1482563C16}"
EndProject
Project("{9A19103F-16F7-4668-BE54-9A1E7A4F7556}") = "05 - OperadoresDeAtribuicao", "05 - OperadoresDeAtribuicao\05 - OperadoresDeAtribuicao.csproj", "{525E5571-2CCA-4862-A786-D0155B6CFDEA}"
EndProject
Project("{9A19103F-16F7-4668-BE54-9A1E7A4F7556}") = "06 - ConversaoImplicitaeCasting", "06 - ConversaoImplicitaeCasting\06 - ConversaoImplicitaeCasting.csproj", "{70DCD788-034B-49DB-92CF-07832892DB88}"
EndProject
Project("{9A19103F-16F7-4668-BE54-9A1E7A4F7556}") = "07 - OperadoresAritmeticos", "07 - OperadoresAritmeticos\07 - OperadoresAritmeticos.csproj", "{F6297ED8-31A5-4CB6-806F-51926DF1FC5F}"
EndProject
Project("{9A19103F-16F7-4668-BE54-9A1E7A4F7556}") = "08 - EntradaDeDados", "08 - EntradaDeDados\08 - EntradaDeDados.csproj", "{8E3985C3-F55A-4556-B275-5F314FB6D4D9}"
EndProject
Project("{9A19103F-16F7-4668-BE54-9A1E7A4F7556}") = "09 - ExercEntradaDeDados", "09 - ExercEntradaDeDados\09 - ExercEntradaDeDados.csproj", "{12ACADA2-5DF0-49D1-8D28-B63D64E55319}"
EndProject
Project("{9A19103F-16F7-4668-BE54-9A1E7A4F7556}") = "10 - ExercEntradaDeDados", "10 - ExercEntradaDeDados\10 - ExercEntradaDeDados.csproj", "{0E8DB06C-2921-46BB-B7B3-2A7C4A9C0AB4}"
EndProject
Project("{9A19103F-16F7-4668-BE54-9A1E7A4F7556}") = "11 - ExercEstruSequenc01", "11 - ExercEstruSequenc01\11 - ExercEstruSequenc01.csproj", "{8D73B027-3C81-4CED-9C4E-96702924A12F}"
EndProject
Project("{9A19103F-16F7-4668-BE54-9A1E7A4F7556}") = "12 - ExercEstruSequenc02", "12 - ExercEstruSequenc02\12 - ExercEstruSequenc02.csproj", "{306CAE89-ABA0-43E0-A55B-4CDD0F9597F8}"
EndProject
Project("{9A19103F-16F7-4668-BE54-9A1E7A4F7556}") = "13 - ExercEstruSequenc03", "13 - ExercEstruSequenc03\13 - ExercEstruSequenc03.csproj", "{FF84D23C-559F-4514-A597-4088A4A29ABB}"
EndProject
Project("{9A19103F-16F7-4668-BE54-9A1E7A4F7556}") = "14 - ExercEstruSequenc04", "14 - ExercEstruSequenc04\14 - ExercEstruSequenc04.csproj", "{E1F0BC87-20CE-401F-BF39-066D2F3449EC}"
EndProject
Project("{9A19103F-16F7-4668-BE54-9A1E7A4F7556}") = "15 - ExercEstruSequenc05", "15 - ExercEstruSequenc05\15 - ExercEstruSequenc05.csproj", "{62C441B9-C9AE-41B4-860C-5089CD7583C8}"
EndProject
Project("{9A19103F-16F7-4668-BE54-9A1E7A4F7556}") = "16 - ExercEstruSequenc06", "16 - ExercEstruSequenc06\16 - ExercEstruSequenc06.csproj", "{CD6E59EF-070E-463B-9D78-C28A72875CE7}"
EndProject
Project("{9A19103F-16F7-4668-BE54-9A1E7A4F7556}") = "17 - OperadoresComparativos", "17 - OperadoresComparativos\17 - OperadoresComparativos.csproj", "{5ED9DD10-C3BC-4853-A424-69472CE6F195}"
EndProject
Project("{9A19103F-16F7-4668-BE54-9A1E7A4F7556}") = "18 - OperadoresLogicos", "18 - OperadoresLogicos\18 - OperadoresLogicos.csproj", "{36D0B0CF-2067-4BA4-A08D-A2B797A0A3B6}"
EndProject
Project("{9A19103F-16F7-4668-BE54-9A1E7A4F7556}") = "19 - EstruturaCondicionalIfElse", "19 - EstruturaCondicionalIfElse\19 - EstruturaCondicionalIfElse.csproj", "{9B6408A2-FA35-465A-8FCD-0EBCB8379459}"
EndProject
Project("{9A19103F-16F7-4668-BE54-9A1E7A4F7556}") = "20 - ExerciciosEstruturaCondicionalIfElse", "20 - ExerciciosEstruturaCondicionalIfElse\20 - ExerciciosEstruturaCondicionalIfElse.csproj", "{C3340505-0374-4CCC-9D64-FFB4E01C7FB1}"
EndProject
Project("{FAE04EC0-301F-11D3-BF4B-00C04F79EFBC}") = "21 - Funcao", "21 - Funcao\21 - Funcao.csproj", "{153D4AA2-911B-48C1-B507-1B7C7224A818}"
EndProject
Global
	GlobalSection(SolutionConfigurationPlatforms) = preSolution
		Debug|Any CPU = Debug|Any CPU
		Release|Any CPU = Release|Any CPU
	EndGlobalSection
	GlobalSection(ProjectConfigurationPlatforms) = postSolution
		{6133C6A4-46D6-49D1-9717-6DCE704AB538}.Debug|Any CPU.ActiveCfg = Debug|Any CPU
		{6133C6A4-46D6-49D1-9717-6DCE704AB538}.Debug|Any CPU.Build.0 = Debug|Any CPU
		{6133C6A4-46D6-49D1-9717-6DCE704AB538}.Release|Any CPU.ActiveCfg = Release|Any CPU
		{6133C6A4-46D6-49D1-9717-6DCE704AB538}.Release|Any CPU.Build.0 = Release|Any CPU
		{1E99B901-EE1E-480B-A299-463E03E0A905}.Debug|Any CPU.ActiveCfg = Debug|Any CPU
		{1E99B901-EE1E-480B-A299-463E03E0A905}.Debug|Any CPU.Build.0 = Debug|Any CPU
		{1E99B901-EE1E-480B-A299-463E03E0A905}.Release|Any CPU.ActiveCfg = Release|Any CPU
		{1E99B901-EE1E-480B-A299-463E03E0A905}.Release|Any CPU.Build.0 = Release|Any CPU
		{D847EC19-34D0-4C8F-A22B-784C63AB3675}.Debug|Any CPU.ActiveCfg = Debug|Any CPU
		{D847EC19-34D0-4C8F-A22B-784C63AB3675}.Debug|Any CPU.Build.0 = Debug|Any CPU
		{D847EC19-34D0-4C8F-A22B-784C63AB3675}.Release|Any CPU.ActiveCfg = Release|Any CPU
		{D847EC19-34D0-4C8F-A22B-784C63AB3675}.Release|Any CPU.Build.0 = Release|Any CPU
		{0E580C6E-BD0A-4750-A20D-0A1482563C16}.Debug|Any CPU.ActiveCfg = Debug|Any CPU
		{0E580C6E-BD0A-4750-A20D-0A1482563C16}.Debug|Any CPU.Build.0 = Debug|Any CPU
		{0E580C6E-BD0A-4750-A20D-0A1482563C16}.Release|Any CPU.ActiveCfg = Release|Any CPU
		{0E580C6E-BD0A-4750-A20D-0A1482563C16}.Release|Any CPU.Build.0 = Release|Any CPU
		{525E5571-2CCA-4862-A786-D0155B6CFDEA}.Debug|Any CPU.ActiveCfg = Debug|Any CPU
		{525E5571-2CCA-4862-A786-D0155B6CFDEA}.Debug|Any CPU.Build.0 = Debug|Any CPU
		{525E5571-2CCA-4862-A786-D0155B6CFDEA}.Release|Any CPU.ActiveCfg = Release|Any CPU
		{525E5571-2CCA-4862-A786-D0155B6CFDEA}.Release|Any CPU.Build.0 = Release|Any CPU
		{70DCD788-034B-49DB-92CF-07832892DB88}.Debug|Any CPU.ActiveCfg = Debug|Any CPU
		{70DCD788-034B-49DB-92CF-07832892DB88}.Debug|Any CPU.Build.0 = Debug|Any CPU
		{70DCD788-034B-49DB-92CF-07832892DB88}.Release|Any CPU.ActiveCfg = Release|Any CPU
		{70DCD788-034B-49DB-92CF-07832892DB88}.Release|Any CPU.Build.0 = Release|Any CPU
		{F6297ED8-31A5-4CB6-806F-51926DF1FC5F}.Debug|Any CPU.ActiveCfg = Debug|Any CPU
		{F6297ED8-31A5-4CB6-806F-51926DF1FC5F}.Debug|Any CPU.Build.0 = Debug|Any CPU
		{F6297ED8-31A5-4CB6-806F-51926DF1FC5F}.Release|Any CPU.ActiveCfg = Release|Any CPU
		{F6297ED8-31A5-4CB6-806F-51926DF1FC5F}.Release|Any CPU.Build.0 = Release|Any CPU
		{8E3985C3-F55A-4556-B275-5F314FB6D4D9}.Debug|Any CPU.ActiveCfg = Debug|Any CPU
		{8E3985C3-F55A-4556-B275-5F314FB6D4D9}.Debug|Any CPU.Build.0 = Debug|Any CPU
		{8E3985C3-F55A-4556-B275-5F314FB6D4D9}.Release|Any CPU.ActiveCfg = Release|Any CPU
		{8E3985C3-F55A-4556-B275-5F314FB6D4D9}.Release|Any CPU.Build.0 = Release|Any CPU
		{12ACADA2-5DF0-49D1-8D28-B63D64E55319}.Debug|Any CPU.ActiveCfg = Debug|Any CPU
		{12ACADA2-5DF0-49D1-8D28-B63D64E55319}.Debug|Any CPU.Build.0 = Debug|Any CPU
		{12ACADA2-5DF0-49D1-8D28-B63D64E55319}.Release|Any CPU.ActiveCfg = Release|Any CPU
		{12ACADA2-5DF0-49D1-8D28-B63D64E55319}.Release|Any CPU.Build.0 = Release|Any CPU
		{0E8DB06C-2921-46BB-B7B3-2A7C4A9C0AB4}.Debug|Any CPU.ActiveCfg = Debug|Any CPU
		{0E8DB06C-2921-46BB-B7B3-2A7C4A9C0AB4}.Debug|Any CPU.Build.0 = Debug|Any CPU
		{0E8DB06C-2921-46BB-B7B3-2A7C4A9C0AB4}.Release|Any CPU.ActiveCfg = Release|Any CPU
		{0E8DB06C-2921-46BB-B7B3-2A7C4A9C0AB4}.Release|Any CPU.Build.0 = Release|Any CPU
		{8D73B027-3C81-4CED-9C4E-96702924A12F}.Debug|Any CPU.ActiveCfg = Debug|Any CPU
		{8D73B027-3C81-4CED-9C4E-96702924A12F}.Debug|Any CPU.Build.0 = Debug|Any CPU
		{8D73B027-3C81-4CED-9C4E-96702924A12F}.Release|Any CPU.ActiveCfg = Release|Any CPU
		{8D73B027-3C81-4CED-9C4E-96702924A12F}.Release|Any CPU.Build.0 = Release|Any CPU
		{306CAE89-ABA0-43E0-A55B-4CDD0F9597F8}.Debug|Any CPU.ActiveCfg = Debug|Any CPU
		{306CAE89-ABA0-43E0-A55B-4CDD0F9597F8}.Debug|Any CPU.Build.0 = Debug|Any CPU
		{306CAE89-ABA0-43E0-A55B-4CDD0F9597F8}.Release|Any CPU.ActiveCfg = Release|Any CPU
		{306CAE89-ABA0-43E0-A55B-4CDD0F9597F8}.Release|Any CPU.Build.0 = Release|Any CPU
		{FF84D23C-559F-4514-A597-4088A4A29ABB}.Debug|Any CPU.ActiveCfg = Debug|Any CPU
		{FF84D23C-559F-4514-A597-4088A4A29ABB}.Debug|Any CPU.Build.0 = Debug|Any CPU
		{FF84D23C-559F-4514-A597-4088A4A29ABB}.Release|Any CPU.ActiveCfg = Release|Any CPU
		{FF84D23C-559F-4514-A597-4088A4A29ABB}.Release|Any CPU.Build.0 = Release|Any CPU
		{E1F0BC87-20CE-401F-BF39-066D2F3449EC}.Debug|Any CPU.ActiveCfg = Debug|Any CPU
		{E1F0BC87-20CE-401F-BF39-066D2F3449EC}.Debug|Any CPU.Build.0 = Debug|Any CPU
		{E1F0BC87-20CE-401F-BF39-066D2F3449EC}.Release|Any CPU.ActiveCfg = Release|Any CPU
		{E1F0BC87-20CE-401F-BF39-066D2F3449EC}.Release|Any CPU.Build.0 = Release|Any CPU
		{62C441B9-C9AE-41B4-860C-5089CD7583C8}.Debug|Any CPU.ActiveCfg = Debug|Any CPU
		{62C441B9-C9AE-41B4-860C-5089CD7583C8}.Debug|Any CPU.Build.0 = Debug|Any CPU
		{62C441B9-C9AE-41B4-860C-5089CD7583C8}.Release|Any CPU.ActiveCfg = Release|Any CPU
		{62C441B9-C9AE-41B4-860C-5089CD7583C8}.Release|Any CPU.Build.0 = Release|Any CPU
		{CD6E59EF-070E-463B-9D78-C28A72875CE7}.Debug|Any CPU.ActiveCfg = Debug|Any CPU
		{CD6E59EF-070E-463B-9D78-C28A72875CE7}.Debug|Any CPU.Build.0 = Debug|Any CPU
		{CD6E59EF-070E-463B-9D78-C28A72875CE7}.Release|Any CPU.ActiveCfg = Release|Any CPU
		{CD6E59EF-070E-463B-9D78-C28A72875CE7}.Release|Any CPU.Build.0 = Release|Any CPU
		{5ED9DD10-C3BC-4853-A424-69472CE6F195}.Debug|Any CPU.ActiveCfg = Debug|Any CPU
		{5ED9DD10-C3BC-4853-A424-69472CE6F195}.Debug|Any CPU.Build.0 = Debug|Any CPU
		{5ED9DD10-C3BC-4853-A424-69472CE6F195}.Release|Any CPU.ActiveCfg = Release|Any CPU
		{5ED9DD10-C3BC-4853-A424-69472CE6F195}.Release|Any CPU.Build.0 = Release|Any CPU
		{36D0B0CF-2067-4BA4-A08D-A2B797A0A3B6}.Debug|Any CPU.ActiveCfg = Debug|Any CPU
		{36D0B0CF-2067-4BA4-A08D-A2B797A0A3B6}.Debug|Any CPU.Build.0 = Debug|Any CPU
		{36D0B0CF-2067-4BA4-A08D-A2B797A0A3B6}.Release|Any CPU.ActiveCfg = Release|Any CPU
		{36D0B0CF-2067-4BA4-A08D-A2B797A0A3B6}.Release|Any CPU.Build.0 = Release|Any CPU
		{9B6408A2-FA35-465A-8FCD-0EBCB8379459}.Debug|Any CPU.ActiveCfg = Debug|Any CPU
		{9B6408A2-FA35-465A-8FCD-0EBCB8379459}.Debug|Any CPU.Build.0 = Debug|Any CPU
		{9B6408A2-FA35-465A-8FCD-0EBCB8379459}.Release|Any CPU.ActiveCfg = Release|Any CPU
		{9B6408A2-FA35-465A-8FCD-0EBCB8379459}.Release|Any CPU.Build.0 = Release|Any CPU
		{C3340505-0374-4CCC-9D64-FFB4E01C7FB1}.Debug|Any CPU.ActiveCfg = Debug|Any CPU
		{C3340505-0374-4CCC-9D64-FFB4E01C7FB1}.Debug|Any CPU.Build.0 = Debug|Any CPU
		{C3340505-0374-4CCC-9D64-FFB4E01C7FB1}.Release|Any CPU.ActiveCfg = Release|Any CPU
		{C3340505-0374-4CCC-9D64-FFB4E01C7FB1}.Release|Any CPU.Build.0 = Release|Any CPU
		{153D4AA2-911B-48C1-B507-1B7C7224A818}.Debug|Any CPU.ActiveCfg = Debug|Any CPU
		{153D4AA2-911B-48C1-B507-1B7C7224A818}.Debug|Any CPU.Build.0 = Debug|Any CPU
		{153D4AA2-911B-48C1-B507-1B7C7224A818}.Release|Any CPU.ActiveCfg = Release|Any CPU
		{153D4AA2-911B-48C1-B507-1B7C7224A818}.Release|Any CPU.Build.0 = Release|Any CPU
	EndGlobalSection
	GlobalSection(SolutionProperties) = preSolution
		HideSolutionNode = FALSE
	EndGlobalSection
	GlobalSection(ExtensibilityGlobals) = postSolution
		SolutionGuid = {4075B622-7DDA-4EBB-ACD0-0177EA4BF1C2}
	EndGlobalSection
EndGlobal
