
Microsoft Visual Studio Solution File, Format Version 12.00
# Visual Studio Version 17
VisualStudioVersion = 17.2.32602.215
MinimumVisualStudioVersion = 10.0.40219.1
Project("{9A19103F-16F7-4668-BE54-9A1E7A4F7556}") = "01-CursoCSharp", "CursoCSharp\01-CursoCSharp.csproj", "{A29822CE-E231-421D-8B06-473D8744B383}"
EndProject
Project("{9A19103F-16F7-4668-BE54-9A1E7A4F7556}") = "2-Comentarios", "Comentarios\2-Comentarios.csproj", "{562702FA-9528-493F-BE90-4789E6256936}"
EndProject
Project("{9A19103F-16F7-4668-BE54-9A1E7A4F7556}") = "3-Variaveis", "Variaveis\3-Variaveis.csproj", "{7B67A384-C404-494C-AC21-A15422BB4C40}"
EndProject
Project("{9A19103F-16F7-4668-BE54-9A1E7A4F7556}") = "4-ExercicioSaidaDados", "EXERCÍCIO\4-ExercicioSaidaDados.csproj", "{FC10E3AC-63C4-40E2-A223-BD9A8296BCCF}"
EndProject
Project("{9A19103F-16F7-4668-BE54-9A1E7A4F7556}") = "5-OperadoresDeAtribuicao", "OperadoresDeAtribuicao\5-OperadoresDeAtribuicao.csproj", "{FFE84019-1D9A-4503-884D-91F6C6C2D798}"
EndProject
Project("{9A19103F-16F7-4668-BE54-9A1E7A4F7556}") = "6-ConversaoImplicitaeCasting", "ConversaoImplicitaeCasting\6-ConversaoImplicitaeCasting.csproj", "{57066187-D290-48D3-A30E-883EAFC061CF}"
EndProject
Project("{9A19103F-16F7-4668-BE54-9A1E7A4F7556}") = "7-OperadoresAritmeticos", "OperadoresAritmeticos\7-OperadoresAritmeticos.csproj", "{0F100882-3C82-4EDB-937E-ABBB9D78EF32}"
EndProject
Project("{9A19103F-16F7-4668-BE54-9A1E7A4F7556}") = "8-Entrada_ De_Dados-1", "Entrada_ De_Dados\8-Entrada_ De_Dados-1.csproj", "{5606B816-992A-4962-96C3-F90ACC2D1C19}"
EndProject
Project("{9A19103F-16F7-4668-BE54-9A1E7A4F7556}") = "9- Entrada_De_Dados-2", "Entrada_De_Dados-2\9- Entrada_De_Dados-2.csproj", "{55D34306-DF84-4858-BF45-7F2A38D075CE}"
EndProject
Project("{9A19103F-16F7-4668-BE54-9A1E7A4F7556}") = "ExercicioEntradaDeDados", "ExercicioEntradaDeDados\ExercicioEntradaDeDados.csproj", "{A7AC3823-B93E-4FF6-AF76-45D4CEE4CB7F}"
EndProject
Project("{9A19103F-16F7-4668-BE54-9A1E7A4F7556}") = "Operadores comparativos", "Operadores comparativos\Operadores comparativos.csproj", "{A0595158-D493-4095-9B71-E69BC058A393}"
EndProject
Project("{9A19103F-16F7-4668-BE54-9A1E7A4F7556}") = "Operadores_Logicos", "Operadores_Logicos\Operadores_Logicos.csproj", "{C2376244-E5C3-470D-AF98-BFC28DD03A16}"
EndProject
Project("{9A19103F-16F7-4668-BE54-9A1E7A4F7556}") = "Estrutura_Condicinal_If_Else", "Estrutura_Condicinal_If_Else\Estrutura_Condicinal_If_Else.csproj", "{FB3006C9-E3CC-4E1E-BA86-D49B0E8A0492}"
EndProject
Project("{9A19103F-16F7-4668-BE54-9A1E7A4F7556}") = "Exercicio_Estrutura_condicional", "Exercicio_Estrutura_condicional\Exercicio_Estrutura_condicional.csproj", "{88958413-30CC-480E-BFC9-226D5198FE79}"
EndProject
Project("{9A19103F-16F7-4668-BE54-9A1E7A4F7556}") = "Funções(Sintax)", "Funções(Sintax)\Funções(Sintax).csproj", "{CDFF7FCC-6658-4661-BBAD-9FA3849610D1}"
EndProject
Project("{9A19103F-16F7-4668-BE54-9A1E7A4F7556}") = "Debugging", "Debugging\Debugging.csproj", "{0EFFCA09-6CEF-45B3-B15D-8163D2E10DAA}"
EndProject
Project("{9A19103F-16F7-4668-BE54-9A1E7A4F7556}") = "Estrutura_Repetitiva_Enquanto(while)", "Estrutura_Repetitiva_Enquanto(while)\Estrutura_Repetitiva_Enquanto(while).csproj", "{5C0187DE-35D4-42FC-96BD-3D119EBB60B6}"
EndProject
Project("{9A19103F-16F7-4668-BE54-9A1E7A4F7556}") = "Estrutura_Repetitiva_Para(for)", "Estrutura_Repetitiva_Para(for)\Estrutura_Repetitiva_Para(for).csproj", "{95F62CD7-E93D-4914-870B-91E5D6C867B6}"
EndProject
Project("{9A19103F-16F7-4668-BE54-9A1E7A4F7556}") = "Exerc_Triangulo_Sem_POO", "Exerc_Triangulo_Sem_POO\Exerc_Triangulo_Sem_POO.csproj", "{E15B2CCB-3FF6-4A22-A2DE-CF5A9089BCDC}"
EndProject
Project("{9A19103F-16F7-4668-BE54-9A1E7A4F7556}") = "Exerc_Triangulo_CLASS", "Exerc_Triangulo_CLASS\Exerc_Triangulo_CLASS.csproj", "{C91E6040-2060-4640-918D-43A83DCC48CE}"
EndProject
Project("{9A19103F-16F7-4668-BE54-9A1E7A4F7556}") = "Exerc_Class_1", "Exerc_Class_1\Exerc_Class_1.csproj", "{D662876D-DF7E-4279-A2A0-4BE3682FF6DC}"
EndProject
Project("{9A19103F-16F7-4668-BE54-9A1E7A4F7556}") = "Exerc_Class_2", "Exerc_Class_2\Exerc_Class_2.csproj", "{58B9B53F-85C5-47DC-9B62-886C49AFC48C}"
EndProject
Project("{9A19103F-16F7-4668-BE54-9A1E7A4F7556}") = "Exerc_Triangulo_METODO", "Exerc_Triangulo_METODO\Exerc_Triangulo_METODO.csproj", "{6EB7339B-A249-4E0D-AF3D-5282735AE197}"
EndProject
Project("{FAE04EC0-301F-11D3-BF4B-00C04F79EFBC}") = "Exerc_POO_Produtos", "Exerc_POO_Produtos\Exerc_POO_Produtos.csproj", "{F2EBAC1E-35EC-44CB-81E0-77F1333F5EB4}"
EndProject
Project("{FAE04EC0-301F-11D3-BF4B-00C04F79EFBC}") = "Exerc_POO_Retangulo", "Exerc_POO_Retangulo\Exerc_POO_Retangulo.csproj", "{965B2610-A8D6-4C91-AB4E-96F509304B1E}"
EndProject
Project("{FAE04EC0-301F-11D3-BF4B-00C04F79EFBC}") = "Exerc_POO_Funcionario", "Exerc_POO_Funcionario\Exerc_POO_Funcionario.csproj", "{4CA98525-5285-4920-8AD5-17EE5513607D}"
EndProject
Project("{FAE04EC0-301F-11D3-BF4B-00C04F79EFBC}") = "Exerc_POO_Aluno", "Exerc_POO_Aluno\Exerc_POO_Aluno.csproj", "{D33C11E4-4608-4E42-ACC5-70457816E9E9}"
EndProject
Project("{FAE04EC0-301F-11D3-BF4B-00C04F79EFBC}") = "Membros_Estaticos_Versão_1", "Membros_Estaticos\Membros_Estaticos_Versão_1.csproj", "{82CC8BDC-1EDD-4D7F-A109-FB816C62984C}"
EndProject
Global
	GlobalSection(SolutionConfigurationPlatforms) = preSolution
		Debug|Any CPU = Debug|Any CPU
		Release|Any CPU = Release|Any CPU
	EndGlobalSection
	GlobalSection(ProjectConfigurationPlatforms) = postSolution
		{A29822CE-E231-421D-8B06-473D8744B383}.Debug|Any CPU.ActiveCfg = Debug|Any CPU
		{A29822CE-E231-421D-8B06-473D8744B383}.Debug|Any CPU.Build.0 = Debug|Any CPU
		{A29822CE-E231-421D-8B06-473D8744B383}.Release|Any CPU.ActiveCfg = Release|Any CPU
		{A29822CE-E231-421D-8B06-473D8744B383}.Release|Any CPU.Build.0 = Release|Any CPU
		{562702FA-9528-493F-BE90-4789E6256936}.Debug|Any CPU.ActiveCfg = Debug|Any CPU
		{562702FA-9528-493F-BE90-4789E6256936}.Debug|Any CPU.Build.0 = Debug|Any CPU
		{562702FA-9528-493F-BE90-4789E6256936}.Release|Any CPU.ActiveCfg = Release|Any CPU
		{562702FA-9528-493F-BE90-4789E6256936}.Release|Any CPU.Build.0 = Release|Any CPU
		{7B67A384-C404-494C-AC21-A15422BB4C40}.Debug|Any CPU.ActiveCfg = Debug|Any CPU
		{7B67A384-C404-494C-AC21-A15422BB4C40}.Debug|Any CPU.Build.0 = Debug|Any CPU
		{7B67A384-C404-494C-AC21-A15422BB4C40}.Release|Any CPU.ActiveCfg = Release|Any CPU
		{7B67A384-C404-494C-AC21-A15422BB4C40}.Release|Any CPU.Build.0 = Release|Any CPU
		{FC10E3AC-63C4-40E2-A223-BD9A8296BCCF}.Debug|Any CPU.ActiveCfg = Debug|Any CPU
		{FC10E3AC-63C4-40E2-A223-BD9A8296BCCF}.Debug|Any CPU.Build.0 = Debug|Any CPU
		{FC10E3AC-63C4-40E2-A223-BD9A8296BCCF}.Release|Any CPU.ActiveCfg = Release|Any CPU
		{FC10E3AC-63C4-40E2-A223-BD9A8296BCCF}.Release|Any CPU.Build.0 = Release|Any CPU
		{FFE84019-1D9A-4503-884D-91F6C6C2D798}.Debug|Any CPU.ActiveCfg = Debug|Any CPU
		{FFE84019-1D9A-4503-884D-91F6C6C2D798}.Debug|Any CPU.Build.0 = Debug|Any CPU
		{FFE84019-1D9A-4503-884D-91F6C6C2D798}.Release|Any CPU.ActiveCfg = Release|Any CPU
		{FFE84019-1D9A-4503-884D-91F6C6C2D798}.Release|Any CPU.Build.0 = Release|Any CPU
		{57066187-D290-48D3-A30E-883EAFC061CF}.Debug|Any CPU.ActiveCfg = Debug|Any CPU
		{57066187-D290-48D3-A30E-883EAFC061CF}.Debug|Any CPU.Build.0 = Debug|Any CPU
		{57066187-D290-48D3-A30E-883EAFC061CF}.Release|Any CPU.ActiveCfg = Release|Any CPU
		{57066187-D290-48D3-A30E-883EAFC061CF}.Release|Any CPU.Build.0 = Release|Any CPU
		{0F100882-3C82-4EDB-937E-ABBB9D78EF32}.Debug|Any CPU.ActiveCfg = Debug|Any CPU
		{0F100882-3C82-4EDB-937E-ABBB9D78EF32}.Debug|Any CPU.Build.0 = Debug|Any CPU
		{0F100882-3C82-4EDB-937E-ABBB9D78EF32}.Release|Any CPU.ActiveCfg = Release|Any CPU
		{0F100882-3C82-4EDB-937E-ABBB9D78EF32}.Release|Any CPU.Build.0 = Release|Any CPU
		{5606B816-992A-4962-96C3-F90ACC2D1C19}.Debug|Any CPU.ActiveCfg = Debug|Any CPU
		{5606B816-992A-4962-96C3-F90ACC2D1C19}.Debug|Any CPU.Build.0 = Debug|Any CPU
		{5606B816-992A-4962-96C3-F90ACC2D1C19}.Release|Any CPU.ActiveCfg = Release|Any CPU
		{5606B816-992A-4962-96C3-F90ACC2D1C19}.Release|Any CPU.Build.0 = Release|Any CPU
		{55D34306-DF84-4858-BF45-7F2A38D075CE}.Debug|Any CPU.ActiveCfg = Debug|Any CPU
		{55D34306-DF84-4858-BF45-7F2A38D075CE}.Debug|Any CPU.Build.0 = Debug|Any CPU
		{55D34306-DF84-4858-BF45-7F2A38D075CE}.Release|Any CPU.ActiveCfg = Release|Any CPU
		{55D34306-DF84-4858-BF45-7F2A38D075CE}.Release|Any CPU.Build.0 = Release|Any CPU
		{A7AC3823-B93E-4FF6-AF76-45D4CEE4CB7F}.Debug|Any CPU.ActiveCfg = Debug|Any CPU
		{A7AC3823-B93E-4FF6-AF76-45D4CEE4CB7F}.Debug|Any CPU.Build.0 = Debug|Any CPU
		{A7AC3823-B93E-4FF6-AF76-45D4CEE4CB7F}.Release|Any CPU.ActiveCfg = Release|Any CPU
		{A7AC3823-B93E-4FF6-AF76-45D4CEE4CB7F}.Release|Any CPU.Build.0 = Release|Any CPU
		{A0595158-D493-4095-9B71-E69BC058A393}.Debug|Any CPU.ActiveCfg = Debug|Any CPU
		{A0595158-D493-4095-9B71-E69BC058A393}.Debug|Any CPU.Build.0 = Debug|Any CPU
		{A0595158-D493-4095-9B71-E69BC058A393}.Release|Any CPU.ActiveCfg = Release|Any CPU
		{A0595158-D493-4095-9B71-E69BC058A393}.Release|Any CPU.Build.0 = Release|Any CPU
		{C2376244-E5C3-470D-AF98-BFC28DD03A16}.Debug|Any CPU.ActiveCfg = Debug|Any CPU
		{C2376244-E5C3-470D-AF98-BFC28DD03A16}.Debug|Any CPU.Build.0 = Debug|Any CPU
		{C2376244-E5C3-470D-AF98-BFC28DD03A16}.Release|Any CPU.ActiveCfg = Release|Any CPU
		{C2376244-E5C3-470D-AF98-BFC28DD03A16}.Release|Any CPU.Build.0 = Release|Any CPU
		{FB3006C9-E3CC-4E1E-BA86-D49B0E8A0492}.Debug|Any CPU.ActiveCfg = Debug|Any CPU
		{FB3006C9-E3CC-4E1E-BA86-D49B0E8A0492}.Debug|Any CPU.Build.0 = Debug|Any CPU
		{FB3006C9-E3CC-4E1E-BA86-D49B0E8A0492}.Release|Any CPU.ActiveCfg = Release|Any CPU
		{FB3006C9-E3CC-4E1E-BA86-D49B0E8A0492}.Release|Any CPU.Build.0 = Release|Any CPU
		{88958413-30CC-480E-BFC9-226D5198FE79}.Debug|Any CPU.ActiveCfg = Debug|Any CPU
		{88958413-30CC-480E-BFC9-226D5198FE79}.Debug|Any CPU.Build.0 = Debug|Any CPU
		{88958413-30CC-480E-BFC9-226D5198FE79}.Release|Any CPU.ActiveCfg = Release|Any CPU
		{88958413-30CC-480E-BFC9-226D5198FE79}.Release|Any CPU.Build.0 = Release|Any CPU
		{CDFF7FCC-6658-4661-BBAD-9FA3849610D1}.Debug|Any CPU.ActiveCfg = Debug|Any CPU
		{CDFF7FCC-6658-4661-BBAD-9FA3849610D1}.Debug|Any CPU.Build.0 = Debug|Any CPU
		{CDFF7FCC-6658-4661-BBAD-9FA3849610D1}.Release|Any CPU.ActiveCfg = Release|Any CPU
		{CDFF7FCC-6658-4661-BBAD-9FA3849610D1}.Release|Any CPU.Build.0 = Release|Any CPU
		{0EFFCA09-6CEF-45B3-B15D-8163D2E10DAA}.Debug|Any CPU.ActiveCfg = Debug|Any CPU
		{0EFFCA09-6CEF-45B3-B15D-8163D2E10DAA}.Debug|Any CPU.Build.0 = Debug|Any CPU
		{0EFFCA09-6CEF-45B3-B15D-8163D2E10DAA}.Release|Any CPU.ActiveCfg = Release|Any CPU
		{0EFFCA09-6CEF-45B3-B15D-8163D2E10DAA}.Release|Any CPU.Build.0 = Release|Any CPU
		{5C0187DE-35D4-42FC-96BD-3D119EBB60B6}.Debug|Any CPU.ActiveCfg = Debug|Any CPU
		{5C0187DE-35D4-42FC-96BD-3D119EBB60B6}.Debug|Any CPU.Build.0 = Debug|Any CPU
		{5C0187DE-35D4-42FC-96BD-3D119EBB60B6}.Release|Any CPU.ActiveCfg = Release|Any CPU
		{5C0187DE-35D4-42FC-96BD-3D119EBB60B6}.Release|Any CPU.Build.0 = Release|Any CPU
		{95F62CD7-E93D-4914-870B-91E5D6C867B6}.Debug|Any CPU.ActiveCfg = Debug|Any CPU
		{95F62CD7-E93D-4914-870B-91E5D6C867B6}.Debug|Any CPU.Build.0 = Debug|Any CPU
		{95F62CD7-E93D-4914-870B-91E5D6C867B6}.Release|Any CPU.ActiveCfg = Release|Any CPU
		{95F62CD7-E93D-4914-870B-91E5D6C867B6}.Release|Any CPU.Build.0 = Release|Any CPU
		{E15B2CCB-3FF6-4A22-A2DE-CF5A9089BCDC}.Debug|Any CPU.ActiveCfg = Debug|Any CPU
		{E15B2CCB-3FF6-4A22-A2DE-CF5A9089BCDC}.Debug|Any CPU.Build.0 = Debug|Any CPU
		{E15B2CCB-3FF6-4A22-A2DE-CF5A9089BCDC}.Release|Any CPU.ActiveCfg = Release|Any CPU
		{E15B2CCB-3FF6-4A22-A2DE-CF5A9089BCDC}.Release|Any CPU.Build.0 = Release|Any CPU
		{C91E6040-2060-4640-918D-43A83DCC48CE}.Debug|Any CPU.ActiveCfg = Debug|Any CPU
		{C91E6040-2060-4640-918D-43A83DCC48CE}.Debug|Any CPU.Build.0 = Debug|Any CPU
		{C91E6040-2060-4640-918D-43A83DCC48CE}.Release|Any CPU.ActiveCfg = Release|Any CPU
		{C91E6040-2060-4640-918D-43A83DCC48CE}.Release|Any CPU.Build.0 = Release|Any CPU
		{D662876D-DF7E-4279-A2A0-4BE3682FF6DC}.Debug|Any CPU.ActiveCfg = Debug|Any CPU
		{D662876D-DF7E-4279-A2A0-4BE3682FF6DC}.Debug|Any CPU.Build.0 = Debug|Any CPU
		{D662876D-DF7E-4279-A2A0-4BE3682FF6DC}.Release|Any CPU.ActiveCfg = Release|Any CPU
		{D662876D-DF7E-4279-A2A0-4BE3682FF6DC}.Release|Any CPU.Build.0 = Release|Any CPU
		{58B9B53F-85C5-47DC-9B62-886C49AFC48C}.Debug|Any CPU.ActiveCfg = Debug|Any CPU
		{58B9B53F-85C5-47DC-9B62-886C49AFC48C}.Debug|Any CPU.Build.0 = Debug|Any CPU
		{58B9B53F-85C5-47DC-9B62-886C49AFC48C}.Release|Any CPU.ActiveCfg = Release|Any CPU
		{58B9B53F-85C5-47DC-9B62-886C49AFC48C}.Release|Any CPU.Build.0 = Release|Any CPU
		{6EB7339B-A249-4E0D-AF3D-5282735AE197}.Debug|Any CPU.ActiveCfg = Debug|Any CPU
		{6EB7339B-A249-4E0D-AF3D-5282735AE197}.Debug|Any CPU.Build.0 = Debug|Any CPU
		{6EB7339B-A249-4E0D-AF3D-5282735AE197}.Release|Any CPU.ActiveCfg = Release|Any CPU
		{6EB7339B-A249-4E0D-AF3D-5282735AE197}.Release|Any CPU.Build.0 = Release|Any CPU
		{F2EBAC1E-35EC-44CB-81E0-77F1333F5EB4}.Debug|Any CPU.ActiveCfg = Debug|Any CPU
		{F2EBAC1E-35EC-44CB-81E0-77F1333F5EB4}.Debug|Any CPU.Build.0 = Debug|Any CPU
		{F2EBAC1E-35EC-44CB-81E0-77F1333F5EB4}.Release|Any CPU.ActiveCfg = Release|Any CPU
		{F2EBAC1E-35EC-44CB-81E0-77F1333F5EB4}.Release|Any CPU.Build.0 = Release|Any CPU
		{965B2610-A8D6-4C91-AB4E-96F509304B1E}.Debug|Any CPU.ActiveCfg = Debug|Any CPU
		{965B2610-A8D6-4C91-AB4E-96F509304B1E}.Debug|Any CPU.Build.0 = Debug|Any CPU
		{965B2610-A8D6-4C91-AB4E-96F509304B1E}.Release|Any CPU.ActiveCfg = Release|Any CPU
		{965B2610-A8D6-4C91-AB4E-96F509304B1E}.Release|Any CPU.Build.0 = Release|Any CPU
		{4CA98525-5285-4920-8AD5-17EE5513607D}.Debug|Any CPU.ActiveCfg = Debug|Any CPU
		{4CA98525-5285-4920-8AD5-17EE5513607D}.Debug|Any CPU.Build.0 = Debug|Any CPU
		{4CA98525-5285-4920-8AD5-17EE5513607D}.Release|Any CPU.ActiveCfg = Release|Any CPU
		{4CA98525-5285-4920-8AD5-17EE5513607D}.Release|Any CPU.Build.0 = Release|Any CPU
		{D33C11E4-4608-4E42-ACC5-70457816E9E9}.Debug|Any CPU.ActiveCfg = Debug|Any CPU
		{D33C11E4-4608-4E42-ACC5-70457816E9E9}.Debug|Any CPU.Build.0 = Debug|Any CPU
		{D33C11E4-4608-4E42-ACC5-70457816E9E9}.Release|Any CPU.ActiveCfg = Release|Any CPU
		{D33C11E4-4608-4E42-ACC5-70457816E9E9}.Release|Any CPU.Build.0 = Release|Any CPU
		{82CC8BDC-1EDD-4D7F-A109-FB816C62984C}.Debug|Any CPU.ActiveCfg = Debug|Any CPU
		{82CC8BDC-1EDD-4D7F-A109-FB816C62984C}.Debug|Any CPU.Build.0 = Debug|Any CPU
		{82CC8BDC-1EDD-4D7F-A109-FB816C62984C}.Release|Any CPU.ActiveCfg = Release|Any CPU
		{82CC8BDC-1EDD-4D7F-A109-FB816C62984C}.Release|Any CPU.Build.0 = Release|Any CPU
	EndGlobalSection
	GlobalSection(SolutionProperties) = preSolution
		HideSolutionNode = FALSE
	EndGlobalSection
	GlobalSection(ExtensibilityGlobals) = postSolution
		SolutionGuid = {068370A6-3CDB-477A-8934-8D8DEC1BBB68}
	EndGlobalSection
EndGlobal
